
Microsoft Visual Studio Solution File, Format Version 12.00
# Visual Studio 15
VisualStudioVersion = 15.0.28307.421
MinimumVisualStudioVersion = 10.0.40219.1
Project("{FAE04EC0-301F-11D3-BF4B-00C04F79EFBC}") = "Crk.Dominio", "Crk.Dominio\Crk.Dominio.csproj", "{FA1A372D-15A5-4AFE-A003-00EF5630AA58}"
EndProject
Project("{FAE04EC0-301F-11D3-BF4B-00C04F79EFBC}") = "Crk.Repositorio", "Crk.Repositorio\Crk.Repositorio.csproj", "{A986DD14-EB92-42CA-9340-9D8A955BD034}"
EndProject
Project("{FAE04EC0-301F-11D3-BF4B-00C04F79EFBC}") = "Crk.Aplicacao", "Crk.Aplicacao\Crk.Aplicacao.csproj", "{AD2961AC-C514-419C-B140-9538B5550892}"
EndProject
Project("{FAE04EC0-301F-11D3-BF4B-00C04F79EFBC}") = "CrkMvc.Web", "CrkMvc.Web\CrkMvc.Web.csproj", "{7007D10D-1870-4980-9025-EA3B7E5D60D1}"
EndProject
Project("{2150E333-8FDC-42A3-9474-1A3956D46DE8}") = "Scripts", "Scripts", "{AF1B1BAA-4213-4457-9BDC-D794B27E6F13}"
	ProjectSection(SolutionItems) = preProject
		banco.sql = banco.sql
	EndProjectSection
EndProject
Global
	GlobalSection(SolutionConfigurationPlatforms) = preSolution
		Debug|Any CPU = Debug|Any CPU
		Release|Any CPU = Release|Any CPU
	EndGlobalSection
	GlobalSection(ProjectConfigurationPlatforms) = postSolution
		{FA1A372D-15A5-4AFE-A003-00EF5630AA58}.Debug|Any CPU.ActiveCfg = Debug|Any CPU
		{FA1A372D-15A5-4AFE-A003-00EF5630AA58}.Debug|Any CPU.Build.0 = Debug|Any CPU
		{FA1A372D-15A5-4AFE-A003-00EF5630AA58}.Release|Any CPU.ActiveCfg = Release|Any CPU
		{FA1A372D-15A5-4AFE-A003-00EF5630AA58}.Release|Any CPU.Build.0 = Release|Any CPU
		{A986DD14-EB92-42CA-9340-9D8A955BD034}.Debug|Any CPU.ActiveCfg = Debug|Any CPU
		{A986DD14-EB92-42CA-9340-9D8A955BD034}.Debug|Any CPU.Build.0 = Debug|Any CPU
		{A986DD14-EB92-42CA-9340-9D8A955BD034}.Release|Any CPU.ActiveCfg = Release|Any CPU
		{A986DD14-EB92-42CA-9340-9D8A955BD034}.Release|Any CPU.Build.0 = Release|Any CPU
		{AD2961AC-C514-419C-B140-9538B5550892}.Debug|Any CPU.ActiveCfg = Debug|Any CPU
		{AD2961AC-C514-419C-B140-9538B5550892}.Debug|Any CPU.Build.0 = Debug|Any CPU
		{AD2961AC-C514-419C-B140-9538B5550892}.Release|Any CPU.ActiveCfg = Release|Any CPU
		{AD2961AC-C514-419C-B140-9538B5550892}.Release|Any CPU.Build.0 = Release|Any CPU
		{7007D10D-1870-4980-9025-EA3B7E5D60D1}.Debug|Any CPU.ActiveCfg = Debug|Any CPU
		{7007D10D-1870-4980-9025-EA3B7E5D60D1}.Debug|Any CPU.Build.0 = Debug|Any CPU
		{7007D10D-1870-4980-9025-EA3B7E5D60D1}.Release|Any CPU.ActiveCfg = Release|Any CPU
		{7007D10D-1870-4980-9025-EA3B7E5D60D1}.Release|Any CPU.Build.0 = Release|Any CPU
	EndGlobalSection
	GlobalSection(SolutionProperties) = preSolution
		HideSolutionNode = FALSE
	EndGlobalSection
	GlobalSection(ExtensibilityGlobals) = postSolution
		SolutionGuid = {E82160B3-F46F-472F-97E8-D8DEA327B2CA}
	EndGlobalSection
EndGlobal
